lockfileVersion: '9.0'

settings:
  autoInstallPeers: true
  excludeLinksFromLockfile: false

importers:

  .:
    dependencies:
      '@fontsource/metropolis':
        specifier: ^5.2.5
        version: 5.2.5
      '@fontsource/space-mono':
        specifier: ^5.2.9
        version: 5.2.9

packages:

  '@fontsource/metropolis@5.2.5':
    resolution: {integrity: sha512-zAz6XS1ZXVXZadcqsOnToiePAKEiEywxOwILEaE4sRl+pVOFQI/30xMiKvjQae1NRK3TbeKxJAmt+yFkPguXJw==}

  '@fontsource/space-mono@5.2.9':
    resolution: {integrity: sha512-b61faFOHEISQ/pD25G+cfGY9o/WW6lRv6hBQQfpWvEJ4y1V+S4gmth95EVyBE2VL3qDYHeVQ8nBzrplzdXTDDg==}

snapshots:

  '@fontsource/metropolis@5.2.5': {}

  '@fontsource/space-mono@5.2.9': {}
